{
  "name": "covid19",
  "version": "1.0.0",
  "lockfileVersion": 1,
  "requires": true,
  "dependencies": {
    "tabulator-tables": {
      "version": "4.6.2",
      "resolved": "https://registry.npmjs.org/tabulator-tables/-/tabulator-tables-4.6.2.tgz",
      "integrity": "sha512-Taw+vZr2uqwrVIYR8pGz0cBTg6B+Kg5zXfJR1Hk70LGHOmLfFi7rw9JCfKdQ5njmfhhKihBbJUS8daohqeIB2w=="
    }
  }
}
